
Microsoft Visual Studio Solution File, Format Version 12.00
# Visual Studio 2012
Project("{FAE04EC0-301F-11D3-BF4B-00C04F79EFBC}") = "SqlQueue", "SqlQueue\SqlQueue.csproj", "{94F1ADA4-17B5-4DB5-AB39-BD3D0D21C18C}"
EndProject
Project("{FAE04EC0-301F-11D3-BF4B-00C04F79EFBC}") = "SqlQueue.Tests", "SqlQueue.Tests\SqlQueue.Tests.csproj", "{F60B4634-1442-4E13-A1EA-74E94F3354BF}"
EndProject
Project("{2150E333-8FDC-42A3-9474-1A3956D46DE8}") = ".nuget", ".nuget", "{BBC1A455-73E7-4D01-BFA8-6B7EFEE79DAE}"
	ProjectSection(SolutionItems) = preProject
		.nuget\NuGet.Config = .nuget\NuGet.Config
		.nuget\NuGet.exe = .nuget\NuGet.exe
		.nuget\NuGet.targets = .nuget\NuGet.targets
	EndProjectSection
EndProject
Global
	GlobalSection(SolutionConfigurationPlatforms) = preSolution
		Debug|Any CPU = Debug|Any CPU
		Release|Any CPU = Release|Any CPU
	EndGlobalSection
	GlobalSection(ProjectConfigurationPlatforms) = postSolution
		{94F1ADA4-17B5-4DB5-AB39-BD3D0D21C18C}.Debug|Any CPU.ActiveCfg = Debug|Any CPU
		{94F1ADA4-17B5-4DB5-AB39-BD3D0D21C18C}.Debug|Any CPU.Build.0 = Debug|Any CPU
		{94F1ADA4-17B5-4DB5-AB39-BD3D0D21C18C}.Release|Any CPU.ActiveCfg = Release|Any CPU
		{94F1ADA4-17B5-4DB5-AB39-BD3D0D21C18C}.Release|Any CPU.Build.0 = Release|Any CPU
		{F60B4634-1442-4E13-A1EA-74E94F3354BF}.Debug|Any CPU.ActiveCfg = Debug|Any CPU
		{F60B4634-1442-4E13-A1EA-74E94F3354BF}.Debug|Any CPU.Build.0 = Debug|Any CPU
		{F60B4634-1442-4E13-A1EA-74E94F3354BF}.Release|Any CPU.ActiveCfg = Release|Any CPU
		{F60B4634-1442-4E13-A1EA-74E94F3354BF}.Release|Any CPU.Build.0 = Release|Any CPU
	EndGlobalSection
	GlobalSection(SolutionProperties) = preSolution
		HideSolutionNode = FALSE
	EndGlobalSection
EndGlobal
